{
  "requires": true,
  "lockfileVersion": 1,
  "dependencies": {
    "base-emoji": {
      "version": "2.0.1",
      "resolved": "https://registry.npmjs.org/base-emoji/-/base-emoji-2.0.1.tgz",
      "integrity": "sha1-UJLCi1jrLUaj4fKRfSC4lj4znPY=",
      "requires": {
        "bitparser": "0.1.1"
      }
    },
    "bitparser": {
      "version": "0.1.1",
      "resolved": "https://registry.npmjs.org/bitparser/-/bitparser-0.1.1.tgz",
      "integrity": "sha1-jOienZiGV+l3I5dOgUX6kkxbp+M="
    }
  }
}
